Microsoft Visual Studio Solution File, Format Version 12.00
# Visual Studio 15
VisualStudioVersion = 15.0.27130.2024
MinimumVisualStudioVersion = 10.0.40219.1
Project("{9A19103F-16F7-4668-BE54-9A1E7A4F7556}") = "Ironclad", "Ironclad\Ironclad.csproj", "{0488F07B-F3CE-4E2A-A41F-FB57C2506D84}"
EndProject
Project("{2150E333-8FDC-42A3-9474-1A3956D46DE8}") = ".sln", ".sln", "{6611706E-CE7D-4526-9DDD-3BBE2D9A7E68}"
	ProjectSection(SolutionItems) = preProject
		..\.dockerignore = ..\.dockerignore
		..\.gitattributes = ..\.gitattributes
		..\.gitignore = ..\.gitignore
		..\.mailmap = ..\.mailmap
		..\.travis.yml = ..\.travis.yml
		..\build.cmd = ..\build.cmd
		..\build.ps1 = ..\build.ps1
		..\build.sh = ..\build.sh
		Directory.Build.props = Directory.Build.props
		..\Dockerfile = ..\Dockerfile
		Ironclad.ruleset = Ironclad.ruleset
		..\README.md = ..\README.md
	EndProjectSection
EndProject
Project("{9A19103F-16F7-4668-BE54-9A1E7A4F7556}") = "SampleWebApi", "samples\SampleWebApi\SampleWebApi.csproj", "{CEAEB91D-EED8-4D2B-8710-7E583A1B7408}"
EndProject
Project("{2150E333-8FDC-42A3-9474-1A3956D46DE8}") = "Samples", "Samples", "{008344D0-EA64-4D6B-8EAA-F03592B863BF}"
	ProjectSection(SolutionItems) = preProject
		samples\Directory.Build.props = samples\Directory.Build.props
		samples\README.md = samples\README.md
	EndProjectSection
EndProject
Project("{9A19103F-16F7-4668-BE54-9A1E7A4F7556}") = "SampleClient", "samples\SampleClient\SampleClient.csproj", "{CE159F1C-7249-4ADB-A3B3-42CB86373405}"
EndProject
Project("{9A19103F-16F7-4668-BE54-9A1E7A4F7556}") = "SampleSinglePageApp", "samples\SampleSinglePageApp\SampleSinglePageApp.csproj", "{8DA2AC69-6399-4EBC-BF52-4A8C67CCD1D2}"
EndProject
Project("{9A19103F-16F7-4668-BE54-9A1E7A4F7556}") = "Ironclad.Tests", "tests\Ironclad.Tests\Ironclad.Tests.csproj", "{27AC5BE9-C964-4236-863A-D3E808AE55C0}"
	ProjectSection(ProjectDependencies) = postProject
		{5AD3EA89-EBD0-47B0-85C4-54783510E8A1} = {5AD3EA89-EBD0-47B0-85C4-54783510E8A1}
	EndProjectSection
EndProject
Project("{2150E333-8FDC-42A3-9474-1A3956D46DE8}") = "Tests", "Tests", "{5C5E2419-C45C-4F86-940D-34B22735BF52}"
EndProject
Project("{9A19103F-16F7-4668-BE54-9A1E7A4F7556}") = "Ironclad.Console", "Ironclad.Console\Ironclad.Console.csproj", "{028E06F4-62F9-462A-BC60-4DB1F91A825A}"
EndProject
Project("{9A19103F-16F7-4668-BE54-9A1E7A4F7556}") = "SampleConsoleApp", "samples\SampleConsoleApp\SampleConsoleApp.csproj", "{9C6C5D6F-8812-4180-8E19-673217AA6F95}"
EndProject
Project("{9A19103F-16F7-4668-BE54-9A1E7A4F7556}") = "Ironclad.Client", "Ironclad.Client\Ironclad.Client.csproj", "{5AD3EA89-EBD0-47B0-85C4-54783510E8A1}"
EndProject
Project("{9A19103F-16F7-4668-BE54-9A1E7A4F7556}") = "Ironclad.Tests.Sdk", "tests\Ironclad.Tests.Sdk\Ironclad.Tests.Sdk.csproj", "{5B2D2786-10FD-4603-AF5D-15FB0840D78B}"
EndProject
Project("{9A19103F-16F7-4668-BE54-9A1E7A4F7556}") = "Ironclad.ExternalIdentityProvider", "Ironclad.ExternalIdentityProvider\Ironclad.ExternalIdentityProvider.csproj", "{3E753030-A9EE-440C-8896-1449AEA94ACF}"
EndProject
Project("{2150E333-8FDC-42A3-9474-1A3956D46DE8}") = "Build", "Build", "{D61A3BB7-3E65-4F5D-BAA8-F67EE9359878}"
EndProject
Project("{9A19103F-16F7-4668-BE54-9A1E7A4F7556}") = "build", "build\build.csproj", "{76F9DF80-D494-428A-BB46-4E7248A260AA}"
EndProject
Project("{9A19103F-16F7-4668-BE54-9A1E7A4F7556}") = "SampleTests", "samples\SampleTests\SampleTests.csproj", "{6C121F34-FB5D-4E06-B1C4-785C0EE5BF39}"
EndProject
Project("{9A19103F-16F7-4668-BE54-9A1E7A4F7556}") = "SampleMvcApp", "samples\SampleMvcApp\SampleMvcApp.csproj", "{C54567CA-6957-4AA2-A5E4-3A842E8C29CB}"
EndProject
Global
	GlobalSection(SolutionConfigurationPlatforms) = preSolution
		CI|Any CPU = CI|Any CPU
		Debug|Any CPU = Debug|Any CPU
		Release|Any CPU = Release|Any CPU
	EndGlobalSection
	GlobalSection(ProjectConfigurationPlatforms) = postSolution
		{0488F07B-F3CE-4E2A-A41F-FB57C2506D84}.CI|Any CPU.ActiveCfg = Release|Any CPU
		{0488F07B-F3CE-4E2A-A41F-FB57C2506D84}.Debug|Any CPU.ActiveCfg = Debug|Any CPU
		{0488F07B-F3CE-4E2A-A41F-FB57C2506D84}.Debug|Any CPU.Build.0 = Debug|Any CPU
		{0488F07B-F3CE-4E2A-A41F-FB57C2506D84}.Release|Any CPU.ActiveCfg = Release|Any CPU
		{0488F07B-F3CE-4E2A-A41F-FB57C2506D84}.Release|Any CPU.Build.0 = Release|Any CPU
		{CEAEB91D-EED8-4D2B-8710-7E583A1B7408}.CI|Any CPU.ActiveCfg = Debug|Any CPU
		{CEAEB91D-EED8-4D2B-8710-7E583A1B7408}.CI|Any CPU.Build.0 = Debug|Any CPU
		{CEAEB91D-EED8-4D2B-8710-7E583A1B7408}.Debug|Any CPU.ActiveCfg = Debug|Any CPU
		{CEAEB91D-EED8-4D2B-8710-7E583A1B7408}.Debug|Any CPU.Build.0 = Debug|Any CPU
		{CEAEB91D-EED8-4D2B-8710-7E583A1B7408}.Release|Any CPU.ActiveCfg = Debug|Any CPU
		{CEAEB91D-EED8-4D2B-8710-7E583A1B7408}.Release|Any CPU.Build.0 = Debug|Any CPU
		{CE159F1C-7249-4ADB-A3B3-42CB86373405}.CI|Any CPU.ActiveCfg = Debug|Any CPU
		{CE159F1C-7249-4ADB-A3B3-42CB86373405}.CI|Any CPU.Build.0 = Debug|Any CPU
		{CE159F1C-7249-4ADB-A3B3-42CB86373405}.Debug|Any CPU.ActiveCfg = Debug|Any CPU
		{CE159F1C-7249-4ADB-A3B3-42CB86373405}.Debug|Any CPU.Build.0 = Debug|Any CPU
		{CE159F1C-7249-4ADB-A3B3-42CB86373405}.Release|Any CPU.ActiveCfg = Debug|Any CPU
		{CE159F1C-7249-4ADB-A3B3-42CB86373405}.Release|Any CPU.Build.0 = Debug|Any CPU
		{8DA2AC69-6399-4EBC-BF52-4A8C67CCD1D2}.CI|Any CPU.ActiveCfg = Debug|Any CPU
		{8DA2AC69-6399-4EBC-BF52-4A8C67CCD1D2}.CI|Any CPU.Build.0 = Debug|Any CPU
		{8DA2AC69-6399-4EBC-BF52-4A8C67CCD1D2}.Debug|Any CPU.ActiveCfg = Debug|Any CPU
		{8DA2AC69-6399-4EBC-BF52-4A8C67CCD1D2}.Debug|Any CPU.Build.0 = Debug|Any CPU
		{8DA2AC69-6399-4EBC-BF52-4A8C67CCD1D2}.Release|Any CPU.ActiveCfg = Debug|Any CPU
		{8DA2AC69-6399-4EBC-BF52-4A8C67CCD1D2}.Release|Any CPU.Build.0 = Debug|Any CPU
		{27AC5BE9-C964-4236-863A-D3E808AE55C0}.CI|Any CPU.ActiveCfg = Debug|Any CPU
		{27AC5BE9-C964-4236-863A-D3E808AE55C0}.CI|Any CPU.Build.0 = Debug|Any CPU
		{27AC5BE9-C964-4236-863A-D3E808AE55C0}.Debug|Any CPU.ActiveCfg = Debug|Any CPU
		{27AC5BE9-C964-4236-863A-D3E808AE55C0}.Debug|Any CPU.Build.0 = Debug|Any CPU
		{27AC5BE9-C964-4236-863A-D3E808AE55C0}.Release|Any CPU.ActiveCfg = Debug|Any CPU
		{27AC5BE9-C964-4236-863A-D3E808AE55C0}.Release|Any CPU.Build.0 = Debug|Any CPU
		{028E06F4-62F9-462A-BC60-4DB1F91A825A}.CI|Any CPU.ActiveCfg = Release|Any CPU
		{028E06F4-62F9-462A-BC60-4DB1F91A825A}.CI|Any CPU.Build.0 = Release|Any CPU
		{028E06F4-62F9-462A-BC60-4DB1F91A825A}.Debug|Any CPU.ActiveCfg = Debug|Any CPU
		{028E06F4-62F9-462A-BC60-4DB1F91A825A}.Debug|Any CPU.Build.0 = Debug|Any CPU
		{028E06F4-62F9-462A-BC60-4DB1F91A825A}.Release|Any CPU.ActiveCfg = Release|Any CPU
		{028E06F4-62F9-462A-BC60-4DB1F91A825A}.Release|Any CPU.Build.0 = Release|Any CPU
		{9C6C5D6F-8812-4180-8E19-673217AA6F95}.CI|Any CPU.ActiveCfg = Debug|Any CPU
		{9C6C5D6F-8812-4180-8E19-673217AA6F95}.CI|Any CPU.Build.0 = Debug|Any CPU
		{9C6C5D6F-8812-4180-8E19-673217AA6F95}.Debug|Any CPU.ActiveCfg = Debug|Any CPU
		{9C6C5D6F-8812-4180-8E19-673217AA6F95}.Debug|Any CPU.Build.0 = Debug|Any CPU
		{9C6C5D6F-8812-4180-8E19-673217AA6F95}.Release|Any CPU.ActiveCfg = Debug|Any CPU
		{9C6C5D6F-8812-4180-8E19-673217AA6F95}.Release|Any CPU.Build.0 = Debug|Any CPU
		{5AD3EA89-EBD0-47B0-85C4-54783510E8A1}.CI|Any CPU.ActiveCfg = Release|Any CPU
		{5AD3EA89-EBD0-47B0-85C4-54783510E8A1}.CI|Any CPU.Build.0 = Release|Any CPU
		{5AD3EA89-EBD0-47B0-85C4-54783510E8A1}.Debug|Any CPU.ActiveCfg = Debug|Any CPU
		{5AD3EA89-EBD0-47B0-85C4-54783510E8A1}.Debug|Any CPU.Build.0 = Debug|Any CPU
		{5AD3EA89-EBD0-47B0-85C4-54783510E8A1}.Release|Any CPU.ActiveCfg = Release|Any CPU
		{5AD3EA89-EBD0-47B0-85C4-54783510E8A1}.Release|Any CPU.Build.0 = Release|Any CPU
		{5B2D2786-10FD-4603-AF5D-15FB0840D78B}.CI|Any CPU.ActiveCfg = Release|Any CPU
		{5B2D2786-10FD-4603-AF5D-15FB0840D78B}.CI|Any CPU.Build.0 = Release|Any CPU
		{5B2D2786-10FD-4603-AF5D-15FB0840D78B}.Debug|Any CPU.ActiveCfg = Debug|Any CPU
		{5B2D2786-10FD-4603-AF5D-15FB0840D78B}.Debug|Any CPU.Build.0 = Debug|Any CPU
		{5B2D2786-10FD-4603-AF5D-15FB0840D78B}.Release|Any CPU.ActiveCfg = Release|Any CPU
		{5B2D2786-10FD-4603-AF5D-15FB0840D78B}.Release|Any CPU.Build.0 = Release|Any CPU
		{3E753030-A9EE-440C-8896-1449AEA94ACF}.CI|Any CPU.ActiveCfg = Release|Any CPU
		{3E753030-A9EE-440C-8896-1449AEA94ACF}.Debug|Any CPU.ActiveCfg = Debug|Any CPU
		{3E753030-A9EE-440C-8896-1449AEA94ACF}.Debug|Any CPU.Build.0 = Debug|Any CPU
		{3E753030-A9EE-440C-8896-1449AEA94ACF}.Release|Any CPU.ActiveCfg = Release|Any CPU
		{3E753030-A9EE-440C-8896-1449AEA94ACF}.Release|Any CPU.Build.0 = Release|Any CPU
		{76F9DF80-D494-428A-BB46-4E7248A260AA}.CI|Any CPU.ActiveCfg = Release|Any CPU
		{76F9DF80-D494-428A-BB46-4E7248A260AA}.Debug|Any CPU.ActiveCfg = Debug|Any CPU
		{76F9DF80-D494-428A-BB46-4E7248A260AA}.Debug|Any CPU.Build.0 = Debug|Any CPU
		{76F9DF80-D494-428A-BB46-4E7248A260AA}.Release|Any CPU.ActiveCfg = Release|Any CPU
		{6C121F34-FB5D-4E06-B1C4-785C0EE5BF39}.CI|Any CPU.ActiveCfg = Debug|Any CPU
		{6C121F34-FB5D-4E06-B1C4-785C0EE5BF39}.CI|Any CPU.Build.0 = Debug|Any CPU
		{6C121F34-FB5D-4E06-B1C4-785C0EE5BF39}.Debug|Any CPU.ActiveCfg = Debug|Any CPU
		{6C121F34-FB5D-4E06-B1C4-785C0EE5BF39}.Debug|Any CPU.Build.0 = Debug|Any CPU
		{6C121F34-FB5D-4E06-B1C4-785C0EE5BF39}.Release|Any CPU.ActiveCfg = Debug|Any CPU
		{6C121F34-FB5D-4E06-B1C4-785C0EE5BF39}.Release|Any CPU.Build.0 = Debug|Any CPU
		{C54567CA-6957-4AA2-A5E4-3A842E8C29CB}.CI|Any CPU.ActiveCfg = Debug|Any CPU
		{C54567CA-6957-4AA2-A5E4-3A842E8C29CB}.CI|Any CPU.Build.0 = Debug|Any CPU
		{C54567CA-6957-4AA2-A5E4-3A842E8C29CB}.Debug|Any CPU.ActiveCfg = Debug|Any CPU
		{C54567CA-6957-4AA2-A5E4-3A842E8C29CB}.Debug|Any CPU.Build.0 = Debug|Any CPU
		{C54567CA-6957-4AA2-A5E4-3A842E8C29CB}.Release|Any CPU.ActiveCfg = Debug|Any CPU
		{C54567CA-6957-4AA2-A5E4-3A842E8C29CB}.Release|Any CPU.Build.0 = Debug|Any CPU
	EndGlobalSection
	GlobalSection(SolutionProperties) = preSolution
		HideSolutionNode = FALSE
	EndGlobalSection
	GlobalSection(NestedProjects) = preSolution
		{CEAEB91D-EED8-4D2B-8710-7E583A1B7408} = {008344D0-EA64-4D6B-8EAA-F03592B863BF}
		{CE159F1C-7249-4ADB-A3B3-42CB86373405} = {008344D0-EA64-4D6B-8EAA-F03592B863BF}
		{8DA2AC69-6399-4EBC-BF52-4A8C67CCD1D2} = {008344D0-EA64-4D6B-8EAA-F03592B863BF}
		{27AC5BE9-C964-4236-863A-D3E808AE55C0} = {5C5E2419-C45C-4F86-940D-34B22735BF52}
		{9C6C5D6F-8812-4180-8E19-673217AA6F95} = {008344D0-EA64-4D6B-8EAA-F03592B863BF}
		{5B2D2786-10FD-4603-AF5D-15FB0840D78B} = {5C5E2419-C45C-4F86-940D-34B22735BF52}
		{76F9DF80-D494-428A-BB46-4E7248A260AA} = {D61A3BB7-3E65-4F5D-BAA8-F67EE9359878}
		{6C121F34-FB5D-4E06-B1C4-785C0EE5BF39} = {008344D0-EA64-4D6B-8EAA-F03592B863BF}
		{C54567CA-6957-4AA2-A5E4-3A842E8C29CB} = {008344D0-EA64-4D6B-8EAA-F03592B863BF}
	EndGlobalSection
	GlobalSection(ExtensibilityGlobals) = postSolution
		SolutionGuid = {103955DF-4821-4F03-BDE0-4C37306353D2}
	EndGlobalSection
EndGlobal
